
Microsoft Visual Studio Solution File, Format Version 12.00
# Visual Studio 2012
Project("{FAE04EC0-301F-11D3-BF4B-00C04F79EFBC}") = "adsOn", "adsOn\adsOn.csproj", "{51703388-AFA1-490A-9057-4496660CA394}"
EndProject
Project("{FAE04EC0-301F-11D3-BF4B-00C04F79EFBC}") = "adsOn.Tests", "adsOn.Tests\adsOn.Tests.csproj", "{56E9855B-DF38-4799-9062-E7DEA929F5E4}"
EndProject
Global
	GlobalSection(SolutionConfigurationPlatforms) = preSolution
		Debug|Any CPU = Debug|Any CPU
		Release|Any CPU = Release|Any CPU
	EndGlobalSection
	GlobalSection(ProjectConfigurationPlatforms) = postSolution
		{51703388-AFA1-490A-9057-4496660CA394}.Debug|Any CPU.ActiveCfg = Debug|Any CPU
		{51703388-AFA1-490A-9057-4496660CA394}.Debug|Any CPU.Build.0 = Debug|Any CPU
		{51703388-AFA1-490A-9057-4496660CA394}.Release|Any CPU.ActiveCfg = Release|Any CPU
		{51703388-AFA1-490A-9057-4496660CA394}.Release|Any CPU.Build.0 = Release|Any CPU
		{56E9855B-DF38-4799-9062-E7DEA929F5E4}.Debug|Any CPU.ActiveCfg = Debug|Any CPU
		{56E9855B-DF38-4799-9062-E7DEA929F5E4}.Debug|Any CPU.Build.0 = Debug|Any CPU
		{56E9855B-DF38-4799-9062-E7DEA929F5E4}.Release|Any CPU.ActiveCfg = Release|Any CPU
		{56E9855B-DF38-4799-9062-E7DEA929F5E4}.Release|Any CPU.Build.0 = Release|Any CPU
	EndGlobalSection
EndGlobal
